{
  "name": "runlight",
  "version": "0.1.3",
  "lockfileVersion": 3,
  "requires": true,
  "packages": {
    "": {
      "name": "runlight",
      "version": "0.1.3",
      "license": "UNLICENSED",
      "bin": {
        "runlight": "bin/runlight.js"
      },
      "engines": {
        "node": ">=20"
      }
    }
  }
}
